schema: '2.0'
stages:
  test-dvclive:
    cmd: python test_live_metrics.py
    params:
      params.yaml:
        epochs: 12
        trigger: 1
    outs:
    - path: dvclive/metrics.json
      md5: 67226b8599acae963f1ecb6796e826e5
      size: 80
    - path: dvclive/plots
      md5: 1c5c095555b71909a536e9f4b654febd.dir
      size: 512
      nfiles: 2
