schema: '2.0'
stages:
  test-dvclive:
    cmd: python test_live_metrics.py
    params:
      params.yaml:
        epochs: 10
        trigger: 1
    outs:
    - path: dvclive/metrics.json
      md5: f212fa5fe583d91e54df2de166306eb2
      size: 77
    - path: dvclive/plots
      md5: 410145816f2a072a540a922d4567cd46.dir
      size: 422
      nfiles: 2
