schema: '2.0'
stages:
  test-dvclive:
    cmd: python test_live_metrics.py
    params:
      params.yaml:
        epochs: 4
        trigger: 1
    outs:
    - path: dvclive/metrics.json
      md5: 6661362158f80202d7aa01b0caa0a0e1
      size: 78
    - path: dvclive/plots
      md5: 8a1c1c1d39f6cc3b434eb9a0a600a99a.dir
      size: 185
      nfiles: 2
